Microsoft Visual Studio Solution File, Format Version 12.00
# Visual Studio Version 17
VisualStudioVersion = 17.7.34003.232
MinimumVisualStudioVersion = 10.0.40219.1
Project("{9A19103F-16F7-4668-BE54-9A1E7A4F7556}") = "GPUPrefSwitcher", "GPUPrefSwitcher\GPUPrefSwitcher.csproj", "{E5970CE9-CB2B-4726-AD7F-4AD560F54075}"
EndProject
Project("{9A19103F-16F7-4668-BE54-9A1E7A4F7556}") = "GPUPrefSwitcherGUI", "GPUPrefSwitcherGUI\GPUPrefSwitcherGUI.csproj", "{4A8ED26C-118B-4D59-9F7E-920B27D69646}"
	ProjectSection(ProjectDependencies) = postProject
		{6C338214-045F-4BBD-8F10-6001B666215E} = {6C338214-045F-4BBD-8F10-6001B666215E}
	EndProjectSection
EndProject
Project("{9A19103F-16F7-4668-BE54-9A1E7A4F7556}") = "GPUPrefSwitcherSvcRestarter", "GPUPrefSwitcherSvcRestarter\GPUPrefSwitcherSvcRestarter.csproj", "{126AC530-4730-4C1C-A7DF-70565C7D378C}"
EndProject
Project("{9A19103F-16F7-4668-BE54-9A1E7A4F7556}") = "GPUPrefSwitcherRepairer", "GPUPrefSwitcherRepairer\GPUPrefSwitcherRepairer.csproj", "{00F4B331-AC94-41BE-8937-4CBA466CF3B0}"
	ProjectSection(ProjectDependencies) = postProject
		{E5970CE9-CB2B-4726-AD7F-4AD560F54075} = {E5970CE9-CB2B-4726-AD7F-4AD560F54075}
	EndProjectSection
EndProject
Project("{9A19103F-16F7-4668-BE54-9A1E7A4F7556}") = "ProcessExtensions", "..\murrayju_CreateProcessAsUser\ProcessExtensions\ProcessExtensions.csproj", "{44F17E65-EB6D-4438-9F9B-90D90182C571}"
EndProject
Project("{9A19103F-16F7-4668-BE54-9A1E7A4F7556}") = "GUIAdminFunctions", "GUIAdminFunctions\GUIAdminFunctions.csproj", "{6C338214-045F-4BBD-8F10-6001B666215E}"
EndProject
Project("{FAE04EC0-301F-11D3-BF4B-00C04F79EFBC}") = "Install", "Install\Install.csproj", "{50ACD4CC-BF2C-48AF-99D2-19E459906E42}"
EndProject
Project("{FAE04EC0-301F-11D3-BF4B-00C04F79EFBC}") = "Uninstall", "Uninstall\Uninstall.csproj", "{8FCFDC1A-B66C-4409-9186-3F06E126506C}"
EndProject
Project("{54435603-DBB4-11D2-8724-00A0C9A8B90C}") = "Setup", "Setup\Setup.vdproj", "{76BFD458-C88C-4484-9578-DC1B75BB945C}"
EndProject
Global
	GlobalSection(SolutionConfigurationPlatforms) = preSolution
		Debug|Any CPU = Debug|Any CPU
		Debug|ARM64 = Debug|ARM64
		Debug|x64 = Debug|x64
		Debug|x86 = Debug|x86
		Release|Any CPU = Release|Any CPU
		Release|ARM64 = Release|ARM64
		Release|x64 = Release|x64
		Release|x86 = Release|x86
	EndGlobalSection
	GlobalSection(ProjectConfigurationPlatforms) = postSolution
		{E5970CE9-CB2B-4726-AD7F-4AD560F54075}.Debug|Any CPU.ActiveCfg = Debug|x64
		{E5970CE9-CB2B-4726-AD7F-4AD560F54075}.Debug|Any CPU.Build.0 = Debug|x64
		{E5970CE9-CB2B-4726-AD7F-4AD560F54075}.Debug|ARM64.ActiveCfg = Debug|x64
		{E5970CE9-CB2B-4726-AD7F-4AD560F54075}.Debug|ARM64.Build.0 = Debug|x64
		{E5970CE9-CB2B-4726-AD7F-4AD560F54075}.Debug|x64.ActiveCfg = Debug|x64
		{E5970CE9-CB2B-4726-AD7F-4AD560F54075}.Debug|x64.Build.0 = Debug|x64
		{E5970CE9-CB2B-4726-AD7F-4AD560F54075}.Debug|x86.ActiveCfg = Debug|x64
		{E5970CE9-CB2B-4726-AD7F-4AD560F54075}.Debug|x86.Build.0 = Debug|x64
		{E5970CE9-CB2B-4726-AD7F-4AD560F54075}.Release|Any CPU.ActiveCfg = Release|x64
		{E5970CE9-CB2B-4726-AD7F-4AD560F54075}.Release|Any CPU.Build.0 = Release|x64
		{E5970CE9-CB2B-4726-AD7F-4AD560F54075}.Release|ARM64.ActiveCfg = Release|x64
		{E5970CE9-CB2B-4726-AD7F-4AD560F54075}.Release|ARM64.Build.0 = Release|x64
		{E5970CE9-CB2B-4726-AD7F-4AD560F54075}.Release|x64.ActiveCfg = Release|x64
		{E5970CE9-CB2B-4726-AD7F-4AD560F54075}.Release|x64.Build.0 = Release|x64
		{E5970CE9-CB2B-4726-AD7F-4AD560F54075}.Release|x86.ActiveCfg = Release|x64
		{E5970CE9-CB2B-4726-AD7F-4AD560F54075}.Release|x86.Build.0 = Release|x64
		{4A8ED26C-118B-4D59-9F7E-920B27D69646}.Debug|Any CPU.ActiveCfg = Debug|x64
		{4A8ED26C-118B-4D59-9F7E-920B27D69646}.Debug|Any CPU.Build.0 = Debug|x64
		{4A8ED26C-118B-4D59-9F7E-920B27D69646}.Debug|ARM64.ActiveCfg = Debug|x64
		{4A8ED26C-118B-4D59-9F7E-920B27D69646}.Debug|ARM64.Build.0 = Debug|x64
		{4A8ED26C-118B-4D59-9F7E-920B27D69646}.Debug|x64.ActiveCfg = Debug|x64
		{4A8ED26C-118B-4D59-9F7E-920B27D69646}.Debug|x64.Build.0 = Debug|x64
		{4A8ED26C-118B-4D59-9F7E-920B27D69646}.Debug|x86.ActiveCfg = Debug|x64
		{4A8ED26C-118B-4D59-9F7E-920B27D69646}.Debug|x86.Build.0 = Debug|x64
		{4A8ED26C-118B-4D59-9F7E-920B27D69646}.Release|Any CPU.ActiveCfg = Release|x64
		{4A8ED26C-118B-4D59-9F7E-920B27D69646}.Release|Any CPU.Build.0 = Release|x64
		{4A8ED26C-118B-4D59-9F7E-920B27D69646}.Release|ARM64.ActiveCfg = Release|x64
		{4A8ED26C-118B-4D59-9F7E-920B27D69646}.Release|ARM64.Build.0 = Release|x64
		{4A8ED26C-118B-4D59-9F7E-920B27D69646}.Release|x64.ActiveCfg = Release|x64
		{4A8ED26C-118B-4D59-9F7E-920B27D69646}.Release|x64.Build.0 = Release|x64
		{4A8ED26C-118B-4D59-9F7E-920B27D69646}.Release|x86.ActiveCfg = Release|x64
		{4A8ED26C-118B-4D59-9F7E-920B27D69646}.Release|x86.Build.0 = Release|x64
		{126AC530-4730-4C1C-A7DF-70565C7D378C}.Debug|Any CPU.ActiveCfg = Debug|x64
		{126AC530-4730-4C1C-A7DF-70565C7D378C}.Debug|Any CPU.Build.0 = Debug|x64
		{126AC530-4730-4C1C-A7DF-70565C7D378C}.Debug|ARM64.ActiveCfg = Debug|x64
		{126AC530-4730-4C1C-A7DF-70565C7D378C}.Debug|ARM64.Build.0 = Debug|x64
		{126AC530-4730-4C1C-A7DF-70565C7D378C}.Debug|x64.ActiveCfg = Debug|x64
		{126AC530-4730-4C1C-A7DF-70565C7D378C}.Debug|x64.Build.0 = Debug|x64
		{126AC530-4730-4C1C-A7DF-70565C7D378C}.Debug|x86.ActiveCfg = Debug|x64
		{126AC530-4730-4C1C-A7DF-70565C7D378C}.Debug|x86.Build.0 = Debug|x64
		{126AC530-4730-4C1C-A7DF-70565C7D378C}.Release|Any CPU.ActiveCfg = Release|x64
		{126AC530-4730-4C1C-A7DF-70565C7D378C}.Release|Any CPU.Build.0 = Release|x64
		{126AC530-4730-4C1C-A7DF-70565C7D378C}.Release|ARM64.ActiveCfg = Release|x64
		{126AC530-4730-4C1C-A7DF-70565C7D378C}.Release|ARM64.Build.0 = Release|x64
		{126AC530-4730-4C1C-A7DF-70565C7D378C}.Release|x64.ActiveCfg = Release|x64
		{126AC530-4730-4C1C-A7DF-70565C7D378C}.Release|x64.Build.0 = Release|x64
		{126AC530-4730-4C1C-A7DF-70565C7D378C}.Release|x86.ActiveCfg = Release|x64
		{126AC530-4730-4C1C-A7DF-70565C7D378C}.Release|x86.Build.0 = Release|x64
		{00F4B331-AC94-41BE-8937-4CBA466CF3B0}.Debug|Any CPU.ActiveCfg = Debug|Any CPU
		{00F4B331-AC94-41BE-8937-4CBA466CF3B0}.Debug|Any CPU.Build.0 = Debug|Any CPU
		{00F4B331-AC94-41BE-8937-4CBA466CF3B0}.Debug|ARM64.ActiveCfg = Debug|Any CPU
		{00F4B331-AC94-41BE-8937-4CBA466CF3B0}.Debug|ARM64.Build.0 = Debug|Any CPU
		{00F4B331-AC94-41BE-8937-4CBA466CF3B0}.Debug|x64.ActiveCfg = Debug|x64
		{00F4B331-AC94-41BE-8937-4CBA466CF3B0}.Debug|x64.Build.0 = Debug|x64
		{00F4B331-AC94-41BE-8937-4CBA466CF3B0}.Debug|x86.ActiveCfg = Debug|Any CPU
		{00F4B331-AC94-41BE-8937-4CBA466CF3B0}.Debug|x86.Build.0 = Debug|Any CPU
		{00F4B331-AC94-41BE-8937-4CBA466CF3B0}.Release|Any CPU.ActiveCfg = Release|Any CPU
		{00F4B331-AC94-41BE-8937-4CBA466CF3B0}.Release|Any CPU.Build.0 = Release|Any CPU
		{00F4B331-AC94-41BE-8937-4CBA466CF3B0}.Release|ARM64.ActiveCfg = Release|Any CPU
		{00F4B331-AC94-41BE-8937-4CBA466CF3B0}.Release|ARM64.Build.0 = Release|Any CPU
		{00F4B331-AC94-41BE-8937-4CBA466CF3B0}.Release|x64.ActiveCfg = Release|x64
		{00F4B331-AC94-41BE-8937-4CBA466CF3B0}.Release|x64.Build.0 = Release|x64
		{00F4B331-AC94-41BE-8937-4CBA466CF3B0}.Release|x86.ActiveCfg = Release|Any CPU
		{00F4B331-AC94-41BE-8937-4CBA466CF3B0}.Release|x86.Build.0 = Release|Any CPU
		{44F17E65-EB6D-4438-9F9B-90D90182C571}.Debug|Any CPU.ActiveCfg = Debug|x64
		{44F17E65-EB6D-4438-9F9B-90D90182C571}.Debug|Any CPU.Build.0 = Debug|x64
		{44F17E65-EB6D-4438-9F9B-90D90182C571}.Debug|ARM64.ActiveCfg = Debug|x64
		{44F17E65-EB6D-4438-9F9B-90D90182C571}.Debug|ARM64.Build.0 = Debug|x64
		{44F17E65-EB6D-4438-9F9B-90D90182C571}.Debug|x64.ActiveCfg = Debug|x64
		{44F17E65-EB6D-4438-9F9B-90D90182C571}.Debug|x64.Build.0 = Debug|x64
		{44F17E65-EB6D-4438-9F9B-90D90182C571}.Debug|x86.ActiveCfg = Debug|x64
		{44F17E65-EB6D-4438-9F9B-90D90182C571}.Debug|x86.Build.0 = Debug|x64
		{44F17E65-EB6D-4438-9F9B-90D90182C571}.Release|Any CPU.ActiveCfg = Release|x64
		{44F17E65-EB6D-4438-9F9B-90D90182C571}.Release|Any CPU.Build.0 = Release|x64
		{44F17E65-EB6D-4438-9F9B-90D90182C571}.Release|ARM64.ActiveCfg = Release|x64
		{44F17E65-EB6D-4438-9F9B-90D90182C571}.Release|ARM64.Build.0 = Release|x64
		{44F17E65-EB6D-4438-9F9B-90D90182C571}.Release|x64.ActiveCfg = Release|x64
		{44F17E65-EB6D-4438-9F9B-90D90182C571}.Release|x64.Build.0 = Release|x64
		{44F17E65-EB6D-4438-9F9B-90D90182C571}.Release|x86.ActiveCfg = Release|x64
		{44F17E65-EB6D-4438-9F9B-90D90182C571}.Release|x86.Build.0 = Release|x64
		{6C338214-045F-4BBD-8F10-6001B666215E}.Debug|Any CPU.ActiveCfg = Debug|Any CPU
		{6C338214-045F-4BBD-8F10-6001B666215E}.Debug|Any CPU.Build.0 = Debug|Any CPU
		{6C338214-045F-4BBD-8F10-6001B666215E}.Debug|ARM64.ActiveCfg = Debug|Any CPU
		{6C338214-045F-4BBD-8F10-6001B666215E}.Debug|ARM64.Build.0 = Debug|Any CPU
		{6C338214-045F-4BBD-8F10-6001B666215E}.Debug|x64.ActiveCfg = Debug|Any CPU
		{6C338214-045F-4BBD-8F10-6001B666215E}.Debug|x64.Build.0 = Debug|Any CPU
		{6C338214-045F-4BBD-8F10-6001B666215E}.Debug|x86.ActiveCfg = Debug|x86
		{6C338214-045F-4BBD-8F10-6001B666215E}.Debug|x86.Build.0 = Debug|x86
		{6C338214-045F-4BBD-8F10-6001B666215E}.Release|Any CPU.ActiveCfg = Release|Any CPU
		{6C338214-045F-4BBD-8F10-6001B666215E}.Release|Any CPU.Build.0 = Release|Any CPU
		{6C338214-045F-4BBD-8F10-6001B666215E}.Release|ARM64.ActiveCfg = Release|Any CPU
		{6C338214-045F-4BBD-8F10-6001B666215E}.Release|ARM64.Build.0 = Release|Any CPU
		{6C338214-045F-4BBD-8F10-6001B666215E}.Release|x64.ActiveCfg = Release|x64
		{6C338214-045F-4BBD-8F10-6001B666215E}.Release|x64.Build.0 = Release|x64
		{6C338214-045F-4BBD-8F10-6001B666215E}.Release|x86.ActiveCfg = Release|x86
		{6C338214-045F-4BBD-8F10-6001B666215E}.Release|x86.Build.0 = Release|x86
		{50ACD4CC-BF2C-48AF-99D2-19E459906E42}.Debug|Any CPU.ActiveCfg = Debug|Any CPU
		{50ACD4CC-BF2C-48AF-99D2-19E459906E42}.Debug|Any CPU.Build.0 = Debug|Any CPU
		{50ACD4CC-BF2C-48AF-99D2-19E459906E42}.Debug|ARM64.ActiveCfg = Debug|Any CPU
		{50ACD4CC-BF2C-48AF-99D2-19E459906E42}.Debug|ARM64.Build.0 = Debug|Any CPU
		{50ACD4CC-BF2C-48AF-99D2-19E459906E42}.Debug|x64.ActiveCfg = Debug|Any CPU
		{50ACD4CC-BF2C-48AF-99D2-19E459906E42}.Debug|x64.Build.0 = Debug|Any CPU
		{50ACD4CC-BF2C-48AF-99D2-19E459906E42}.Debug|x86.ActiveCfg = Debug|Any CPU
		{50ACD4CC-BF2C-48AF-99D2-19E459906E42}.Debug|x86.Build.0 = Debug|Any CPU
		{50ACD4CC-BF2C-48AF-99D2-19E459906E42}.Release|Any CPU.ActiveCfg = Release|Any CPU
		{50ACD4CC-BF2C-48AF-99D2-19E459906E42}.Release|Any CPU.Build.0 = Release|Any CPU
		{50ACD4CC-BF2C-48AF-99D2-19E459906E42}.Release|ARM64.ActiveCfg = Release|Any CPU
		{50ACD4CC-BF2C-48AF-99D2-19E459906E42}.Release|ARM64.Build.0 = Release|Any CPU
		{50ACD4CC-BF2C-48AF-99D2-19E459906E42}.Release|x64.ActiveCfg = Release|Any CPU
		{50ACD4CC-BF2C-48AF-99D2-19E459906E42}.Release|x64.Build.0 = Release|Any CPU
		{50ACD4CC-BF2C-48AF-99D2-19E459906E42}.Release|x86.ActiveCfg = Release|Any CPU
		{50ACD4CC-BF2C-48AF-99D2-19E459906E42}.Release|x86.Build.0 = Release|Any CPU
		{8FCFDC1A-B66C-4409-9186-3F06E126506C}.Debug|Any CPU.ActiveCfg = Debug|Any CPU
		{8FCFDC1A-B66C-4409-9186-3F06E126506C}.Debug|Any CPU.Build.0 = Debug|Any CPU
		{8FCFDC1A-B66C-4409-9186-3F06E126506C}.Debug|ARM64.ActiveCfg = Debug|Any CPU
		{8FCFDC1A-B66C-4409-9186-3F06E126506C}.Debug|ARM64.Build.0 = Debug|Any CPU
		{8FCFDC1A-B66C-4409-9186-3F06E126506C}.Debug|x64.ActiveCfg = Debug|Any CPU
		{8FCFDC1A-B66C-4409-9186-3F06E126506C}.Debug|x64.Build.0 = Debug|Any CPU
		{8FCFDC1A-B66C-4409-9186-3F06E126506C}.Debug|x86.ActiveCfg = Debug|Any CPU
		{8FCFDC1A-B66C-4409-9186-3F06E126506C}.Debug|x86.Build.0 = Debug|Any CPU
		{8FCFDC1A-B66C-4409-9186-3F06E126506C}.Release|Any CPU.ActiveCfg = Release|Any CPU
		{8FCFDC1A-B66C-4409-9186-3F06E126506C}.Release|Any CPU.Build.0 = Release|Any CPU
		{8FCFDC1A-B66C-4409-9186-3F06E126506C}.Release|ARM64.ActiveCfg = Release|Any CPU
		{8FCFDC1A-B66C-4409-9186-3F06E126506C}.Release|ARM64.Build.0 = Release|Any CPU
		{8FCFDC1A-B66C-4409-9186-3F06E126506C}.Release|x64.ActiveCfg = Release|Any CPU
		{8FCFDC1A-B66C-4409-9186-3F06E126506C}.Release|x64.Build.0 = Release|Any CPU
		{8FCFDC1A-B66C-4409-9186-3F06E126506C}.Release|x86.ActiveCfg = Release|Any CPU
		{8FCFDC1A-B66C-4409-9186-3F06E126506C}.Release|x86.Build.0 = Release|Any CPU
		{76BFD458-C88C-4484-9578-DC1B75BB945C}.Debug|Any CPU.ActiveCfg = Debug
		{76BFD458-C88C-4484-9578-DC1B75BB945C}.Debug|ARM64.ActiveCfg = Debug
		{76BFD458-C88C-4484-9578-DC1B75BB945C}.Debug|x64.ActiveCfg = Debug
		{76BFD458-C88C-4484-9578-DC1B75BB945C}.Debug|x86.ActiveCfg = Debug
		{76BFD458-C88C-4484-9578-DC1B75BB945C}.Release|Any CPU.ActiveCfg = Release
		{76BFD458-C88C-4484-9578-DC1B75BB945C}.Release|ARM64.ActiveCfg = Release
		{76BFD458-C88C-4484-9578-DC1B75BB945C}.Release|x64.ActiveCfg = Release
		{76BFD458-C88C-4484-9578-DC1B75BB945C}.Release|x86.ActiveCfg = Release
	EndGlobalSection
	GlobalSection(SolutionProperties) = preSolution
		HideSolutionNode = FALSE
	EndGlobalSection
	GlobalSection(ExtensibilityGlobals) = postSolution
		SolutionGuid = {09234DEF-5BA8-44EF-8555-ACE237713D99}
	EndGlobalSection
EndGlobal
